
Microsoft Visual Studio Solution File, Format Version 12.00
# Visual Studio Version 17
VisualStudioVersion = 17.11.35312.102
MinimumVisualStudioVersion = 10.0.40219.1
Project("{FAE04EC0-301F-11D3-BF4B-00C04F79EFBC}") = "İnterfaceTask", "İnterfaceTask.csproj", "{C9795661-84F8-4B64-BFE6-F14E89941CA1}"
EndProject
Global
	GlobalSection(SolutionConfigurationPlatforms) = preSolution
		Debug|Any CPU = Debug|Any CPU
		Release|Any CPU = Release|Any CPU
	EndGlobalSection
	GlobalSection(ProjectConfigurationPlatforms) = postSolution
		{C9795661-84F8-4B64-BFE6-F14E89941CA1}.Debug|Any CPU.ActiveCfg = Debug|Any CPU
		{C9795661-84F8-4B64-BFE6-F14E89941CA1}.Debug|Any CPU.Build.0 = Debug|Any CPU
		{C9795661-84F8-4B64-BFE6-F14E89941CA1}.Release|Any CPU.ActiveCfg = Release|Any CPU
		{C9795661-84F8-4B64-BFE6-F14E89941CA1}.Release|Any CPU.Build.0 = Release|Any CPU
	EndGlobalSection
	GlobalSection(SolutionProperties) = preSolution
		HideSolutionNode = FALSE
	EndGlobalSection
	GlobalSection(ExtensibilityGlobals) = postSolution
		SolutionGuid = {743EB8B1-1F1D-46A0-A2EA-212E4CB19F15}
	EndGlobalSection
EndGlobal
